
Microsoft Visual Studio Solution File, Format Version 12.00
# Visual Studio Version 17
VisualStudioVersion = 17.0.32014.148
MinimumVisualStudioVersion = 10.0.40219.1
Project("{9A19103F-16F7-4668-BE54-9A1E7A4F7556}") = "KLog.Api", "KLog.Api\KLog.Api.csproj", "{3903D836-032D-4455-A0CB-0DE568E91F77}"
EndProject
Project("{FAE04EC0-301F-11D3-BF4B-00C04F79EFBC}") = "KLog.DataModel", "KLog.DataModel\KLog.DataModel.csproj", "{0B25629D-426A-44D8-B282-A3A458E24248}"
EndProject
Project("{FAE04EC0-301F-11D3-BF4B-00C04F79EFBC}") = "KLog.DataModel.Migrations", "KLog.DataModel.Migrations\KLog.DataModel.Migrations.csproj", "{3537CB61-E62F-4ECE-9A40-D888C711ED52}"
EndProject
Global
	GlobalSection(SolutionConfigurationPlatforms) = preSolution
		Debug|Any CPU = Debug|Any CPU
		Release|Any CPU = Release|Any CPU
	EndGlobalSection
	GlobalSection(ProjectConfigurationPlatforms) = postSolution
		{3903D836-032D-4455-A0CB-0DE568E91F77}.Debug|Any CPU.ActiveCfg = Debug|Any CPU
		{3903D836-032D-4455-A0CB-0DE568E91F77}.Debug|Any CPU.Build.0 = Debug|Any CPU
		{3903D836-032D-4455-A0CB-0DE568E91F77}.Release|Any CPU.ActiveCfg = Release|Any CPU
		{3903D836-032D-4455-A0CB-0DE568E91F77}.Release|Any CPU.Build.0 = Release|Any CPU
		{0B25629D-426A-44D8-B282-A3A458E24248}.Debug|Any CPU.ActiveCfg = Debug|Any CPU
		{0B25629D-426A-44D8-B282-A3A458E24248}.Debug|Any CPU.Build.0 = Debug|Any CPU
		{0B25629D-426A-44D8-B282-A3A458E24248}.Release|Any CPU.ActiveCfg = Release|Any CPU
		{0B25629D-426A-44D8-B282-A3A458E24248}.Release|Any CPU.Build.0 = Release|Any CPU
		{3537CB61-E62F-4ECE-9A40-D888C711ED52}.Debug|Any CPU.ActiveCfg = Debug|Any CPU
		{3537CB61-E62F-4ECE-9A40-D888C711ED52}.Debug|Any CPU.Build.0 = Debug|Any CPU
		{3537CB61-E62F-4ECE-9A40-D888C711ED52}.Release|Any CPU.ActiveCfg = Release|Any CPU
		{3537CB61-E62F-4ECE-9A40-D888C711ED52}.Release|Any CPU.Build.0 = Release|Any CPU
	EndGlobalSection
	GlobalSection(SolutionProperties) = preSolution
		HideSolutionNode = FALSE
	EndGlobalSection
	GlobalSection(ExtensibilityGlobals) = postSolution
		SolutionGuid = {F78C440C-059A-4885-8C6D-11D58E0E26DB}
	EndGlobalSection
EndGlobal
